// !$*UTF8*$!
{
	archiveVersion = 1;
	classes = {
	};
	objectVersion = 46;
	objects = {

/* Begin PBXBuildFile section */
		95290F971DBE465B006FD086 /* AppDelegate.swift in Sources */ = {isa = PBXBuildFile; fileRef = 95290F961DBE465B006FD086 /* AppDelegate.swift */; };
		95290F991DBE465B006FD086 /* ViewController.swift in Sources */ = {isa = PBXBuildFile; fileRef = 95290F981DBE465B006FD086 /* ViewController.swift */; };
		95290F9C1DBE465B006FD086 /* Main.storyboard in Resources */ = {isa = PBXBuildFile; fileRef = 95290F9A1DBE465B006FD086 /* Main.storyboard */; };
		95290F9E1DBE465B006FD086 /* Assets.xcassets in Resources */ = {isa = PBXBuildFile; fileRef = 95290F9D1DBE465B006FD086 /* Assets.xcassets */; };
		95290FA11DBE465B006FD086 /* LaunchScreen.storyboard in Resources */ = {isa = PBXBuildFile; fileRef = 95290F9F1DBE465B006FD086 /* LaunchScreen.storyboard */; };
		95290FAC1DBE465B006FD086 /* MatchWearTests.swift in Sources */ = {isa = PBXBuildFile; fileRef = 95290FAB1DBE465B006FD086 /* MatchWearTests.swift */; };
		95290FB71DBE465B006FD086 /* MatchWearUITests.swift in Sources */ = {isa = PBXBuildFile; fileRef = 95290FB61DBE465B006FD086 /* MatchWearUITests.swift */; };
/* End PBXBuildFile section */

/* Begin PBXContainerItemProxy section */
		95290FA81DBE465B006FD086 /* PBXContainerItemProxy */ = {
			isa = PBXContainerItemProxy;
			containerPortal = 95290F8B1DBE4659006FD086 /* Project object */;
			proxyType = 1;
			remoteGlobalIDString = 95290F921DBE465A006FD086;
			remoteInfo = MatchWear;
		};
		95290FB31DBE465B006FD086 /* PBXContainerItemProxy */ = {
			isa = PBXContainerItemProxy;
			containerPortal = 95290F8B1DBE4659006FD086 /* Project object */;
			proxyType = 1;
			remoteGlobalIDString = 95290F921DBE465A006FD086;
			remoteInfo = MatchWear;
		};
/* End PBXContainerItemProxy section */

/* Begin PBXFileReference section */
		95290F931DBE465A006FD086 /* MatchWear.app */ = {isa = PBXFileReference; explicitFileType = wrapper.application; includeInIndex = 0; path = MatchWear.app; sourceTree = BUILT_PRODUCTS_DIR; };
		95290F961DBE465B006FD086 /* AppDelegate.swift */ = {isa = PBXFileReference; lastKnownFileType = sourcecode.swift; path = AppDelegate.swift; sourceTree = "<group>"; };
		95290F981DBE465B006FD086 /* ViewController.swift */ = {isa = PBXFileReference; lastKnownFileType = sourcecode.swift; path = ViewController.swift; sourceTree = "<group>"; };
		95290F9B1DBE465B006FD086 /* Base */ = {isa = PBXFileReference; lastKnownFileType = file.storyboard; name = Base; path = Base.lproj/Main.storyboard; sourceTree = "<group>"; };
		95290F9D1DBE465B006FD086 /* Assets.xcassets */ = {isa = PBXFileReference; lastKnownFileType = folder.assetcatalog; path = Assets.xcassets; sourceTree = "<group>"; };
		95290FA01DBE465B006FD086 /* Base */ = {isa = PBXFileReference; lastKnownFileType = file.storyboard; name = Base; path = Base.lproj/LaunchScreen.storyboard; sourceTree = "<group>"; };
		95290FA21DBE465B006FD086 /* Info.plist */ = {isa = PBXFileReference; lastKnownFileType = text.plist.xml; path = Info.plist; sourceTree = "<group>"; };
		95290FA71DBE465B006FD086 /* MatchWearTests.xctest */ = {isa = PBXFileReference; explicitFileType = wrapper.cfbundle; includeInIndex = 0; path = MatchWearTests.xctest; sourceTree = BUILT_PRODUCTS_DIR; };
		95290FAB1DBE465B006FD086 /* MatchWearTests.swift */ = {isa = PBXFileReference; lastKnownFileType = sourcecode.swift; path = MatchWearTests.swift; sourceTree = "<group>"; };
		95290FAD1DBE465B006FD086 /* Info.plist */ = {isa = PBXFileReference; lastKnownFileType = text.plist.xml; path = Info.plist; sourceTree = "<group>"; };
		95290FB21DBE465B006FD086 /* MatchWearUITests.xctest */ = {isa = PBXFileReference; explicitFileType = wrapper.cfbundle; includeInIndex = 0; path = MatchWearUITests.xctest; sourceTree = BUILT_PRODUCTS_DIR; };
		95290FB61DBE465B006FD086 /* MatchWearUITests.swift */ = {isa = PBXFileReference; lastKnownFileType = sourcecode.swift; path = MatchWearUITests.swift; sourceTree = "<group>"; };
		95290FB81DBE465B006FD086 /* Info.plist */ = {isa = PBXFileReference; lastKnownFileType = text.plist.xml; path = Info.plist; sourceTree = "<group>"; };
/* End PBXFileReference section */

/* Begin PBXFrameworksBuildPhase section */
		95290F901DBE465A006FD086 /* Frameworks */ = {
			isa = PBXFrameworksBuildPhase;
			buildActionMask = 2147483647;
			files = (
			);
			runOnlyForDeploymentPostprocessing = 0;
		};
		95290FA41DBE465B006FD086 /* Frameworks */ = {
			isa = PBXFrameworksBuildPhase;
			buildActionMask = 2147483647;
			files = (
			);
			runOnlyForDeploymentPostprocessing = 0;
		};
		95290FAF1DBE465B006FD086 /* Frameworks */ = {
			isa = PBXFrameworksBuildPhase;
			buildActionMask = 2147483647;
			files = (
			);
			runOnlyForDeploymentPostprocessing = 0;
		};
/* End PBXFrameworksBuildPhase section */

/* Begin PBXGroup section */
		95290F8A1DBE4659006FD086 = {
			isa = PBXGroup;
			children = (
				95290F951DBE465A006FD086 /* MatchWear */,
				95290FAA1DBE465B006FD086 /* MatchWearTests */,
				95290FB51DBE465B006FD086 /* MatchWearUITests */,
				95290F941DBE465A006FD086 /* Products */,
			);
			sourceTree = "<group>";
		};
		95290F941DBE465A006FD086 /* Products */ = {
			isa = PBXGroup;
			children = (
				95290F931DBE465A006FD086 /* MatchWear.app */,
				95290FA71DBE465B006FD086 /* MatchWearTests.xctest */,
				95290FB21DBE465B006FD086 /* MatchWearUITests.xctest */,
			);
			name = Products;
			sourceTree = "<group>";
		};
		95290F951DBE465A006FD086 /* MatchWear */ = {
			isa = PBXGroup;
			children = (
				95290F961DBE465B006FD086 /* AppDelegate.swift */,
				95290F981DBE465B006FD086 /* ViewController.swift */,
				95290F9A1DBE465B006FD086 /* Main.storyboard */,
				95290F9D1DBE465B006FD086 /* Assets.xcassets */,
				95290F9F1DBE465B006FD086 /* LaunchScreen.storyboard */,
				95290FA21DBE465B006FD086 /* Info.plist */,
			);
			path = MatchWear;
			sourceTree = "<group>";
		};
		95290FAA1DBE465B006FD086 /* MatchWearTests */ = {
			isa = PBXGroup;
			children = (
				95290FAB1DBE465B006FD086 /* MatchWearTests.swift */,
				95290FAD1DBE465B006FD086 /* Info.plist */,
			);
			path = MatchWearTests;
			sourceTree = "<group>";
		};
		95290FB51DBE465B006FD086 /* MatchWearUITests */ = {
			isa = PBXGroup;
			children = (
				95290FB61DBE465B006FD086 /* MatchWearUITests.swift */,
				95290FB81DBE465B006FD086 /* Info.plist */,
			);
			path = MatchWearUITests;
			sourceTree = "<group>";
		};
/* End PBXGroup section */

/* Begin PBXNativeTarget section */
		95290F921DBE465A006FD086 /* MatchWear */ = {
			isa = PBXNativeTarget;
			buildConfigurationList = 95290FBB1DBE465C006FD086 /* Build configuration list for PBXNativeTarget "MatchWear" */;
			buildPhases = (
				95290F8F1DBE465A006FD086 /* Sources */,
				95290F901DBE465A006FD086 /* Frameworks */,
				95290F911DBE465A006FD086 /* Resources */,
			);
			buildRules = (
			);
			dependencies = (
			);
			name = MatchWear;
			productName = MatchWear;
			productReference = 95290F931DBE465A006FD086 /* MatchWear.app */;
			productType = "com.apple.product-type.application";
		};
		95290FA61DBE465B006FD086 /* MatchWearTests */ = {
			isa = PBXNativeTarget;
			buildConfigurationList = 95290FBE1DBE465C006FD086 /* Build configuration list for PBXNativeTarget "MatchWearTests" */;
			buildPhases = (
				95290FA31DBE465B006FD086 /* Sources */,
				95290FA41DBE465B006FD086 /* Frameworks */,
				95290FA51DBE465B006FD086 /* Resources */,
			);
			buildRules = (
			);
			dependencies = (
				95290FA91DBE465B006FD086 /* PBXTargetDependency */,
			);
			name = MatchWearTests;
			productName = MatchWearTests;
			productReference = 95290FA71DBE465B006FD086 /* MatchWearTests.xctest */;
			productType = "com.apple.product-type.bundle.unit-test";
		};
		95290FB11DBE465B006FD086 /* MatchWearUITests */ = {
			isa = PBXNativeTarget;
			buildConfigurationList = 95290FC11DBE465C006FD086 /* Build configuration list for PBXNativeTarget "MatchWearUITests" */;
			buildPhases = (
				95290FAE1DBE465B006FD086 /* Sources */,
				95290FAF1DBE465B006FD086 /* Frameworks */,
				95290FB01DBE465B006FD086 /* Resources */,
			);
			buildRules = (
			);
			dependencies = (
				95290FB41DBE465B006FD086 /* PBXTargetDependency */,
			);
			name = MatchWearUITests;
			productName = MatchWearUITests;
			productReference = 95290FB21DBE465B006FD086 /* MatchWearUITests.xctest */;
			productType = "com.apple.product-type.bundle.ui-testing";
		};
/* End PBXNativeTarget section */

/* Begin PBXProject section */
		95290F8B1DBE4659006FD086 /* Project object */ = {
			isa = PBXProject;
			attributes = {
				LastSwiftUpdateCheck = 0800;
				LastUpgradeCheck = 0800;
				ORGANIZATIONNAME = "Virtual Enterprise";
				TargetAttributes = {
					95290F921DBE465A006FD086 = {
						CreatedOnToolsVersion = 8.0;
						ProvisioningStyle = Automatic;
					};
					95290FA61DBE465B006FD086 = {
						CreatedOnToolsVersion = 8.0;
						ProvisioningStyle = Automatic;
						TestTargetID = 95290F921DBE465A006FD086;
					};
					95290FB11DBE465B006FD086 = {
						CreatedOnToolsVersion = 8.0;
						ProvisioningStyle = Automatic;
						TestTargetID = 95290F921DBE465A006FD086;
					};
				};
			};
			buildConfigurationList = 95290F8E1DBE4659006FD086 /* Build configuration list for PBXProject "MatchWear" */;
			compatibilityVersion = "Xcode 3.2";
			developmentRegion = English;
			hasScannedForEncodings = 0;
			knownRegions = (
				en,
				Base,
			);
			mainGroup = 95290F8A1DBE4659006FD086;
			productRefGroup = 95290F941DBE465A006FD086 /* Products */;
			projectDirPath = "";
			projectRoot = "";
			targets = (
				95290F921DBE465A006FD086 /* MatchWear */,
				95290FA61DBE465B006FD086 /* MatchWearTests */,
				95290FB11DBE465B006FD086 /* MatchWearUITests */,
			);
		};
/* End PBXProject section */

/* Begin PBXResourcesBuildPhase section */
		95290F911DBE465A006FD086 /* Resources */ = {
			isa = PBXResourcesBuildPhase;
			buildActionMask = 2147483647;
			files = (
				95290FA11DBE465B006FD086 /* LaunchScreen.storyboard in Resources */,
				95290F9E1DBE465B006FD086 /* Assets.xcassets in Resources */,
				95290F9C1DBE465B006FD086 /* Main.storyboard in Resources */,
			);
			runOnlyForDeploymentPostprocessing = 0;
		};
		95290FA51DBE465B006FD086 /* Resources */ = {
			isa = PBXResourcesBuildPhase;
			buildActionMask = 2147483647;
			files = (
			);
			runOnlyForDeploymentPostprocessing = 0;
		};
		95290FB01DBE465B006FD086 /* Resources */ = {
			isa = PBXResourcesBuildPhase;
			buildActionMask = 2147483647;
			files = (
			);
			runOnlyForDeploymentPostprocessing = 0;
		};
/* End PBXResourcesBuildPhase section */

/* Begin PBXSourcesBuildPhase section */
		95290F8F1DBE465A006FD086 /* Sources */ = {
			isa = PBXSourcesBuildPhase;
			buildActionMask = 2147483647;
			files = (
				95290F991DBE465B006FD086 /* ViewController.swift in Sources */,
				95290F971DBE465B006FD086 /* AppDelegate.swift in Sources */,
			);
			runOnlyForDeploymentPostprocessing = 0;
		};
		95290FA31DBE465B006FD086 /* Sources */ = {
			isa = PBXSourcesBuildPhase;
			buildActionMask = 2147483647;
			files = (
				95290FAC1DBE465B006FD086 /* MatchWearTests.swift in Sources */,
			);
			runOnlyForDeploymentPostprocessing = 0;
		};
		95290FAE1DBE465B006FD086 /* Sources */ = {
			isa = PBXSourcesBuildPhase;
			buildActionMask = 2147483647;
			files = (
				95290FB71DBE465B006FD086 /* MatchWearUITests.swift in Sources */,
			);
			runOnlyForDeploymentPostprocessing = 0;
		};
/* End PBXSourcesBuildPhase section */

/* Begin PBXTargetDependency section */
		95290FA91DBE465B006FD086 /* PBXTargetDependency */ = {
			isa = PBXTargetDependency;
			target = 95290F921DBE465A006FD086 /* MatchWear */;
			targetProxy = 95290FA81DBE465B006FD086 /* PBXContainerItemProxy */;
		};
		95290FB41DBE465B006FD086 /* PBXTargetDependency */ = {
			isa = PBXTargetDependency;
			target = 95290F921DBE465A006FD086 /* MatchWear */;
			targetProxy = 95290FB31DBE465B006FD086 /* PBXContainerItemProxy */;
		};
/* End PBXTargetDependency section */

/* Begin PBXVariantGroup section */
		95290F9A1DBE465B006FD086 /* Main.storyboard */ = {
			isa = PBXVariantGroup;
			children = (
				95290F9B1DBE465B006FD086 /* Base */,
			);
			name = Main.storyboard;
			sourceTree = "<group>";
		};
		95290F9F1DBE465B006FD086 /* LaunchScreen.storyboard */ = {
			isa = PBXVariantGroup;
			children = (
				95290FA01DBE465B006FD086 /* Base */,
			);
			name = LaunchScreen.storyboard;
			sourceTree = "<group>";
		};
/* End PBXVariantGroup section */

/* Begin XCBuildConfiguration section */
		95290FB91DBE465C006FD086 /* Debug */ = {
			isa = XCBuildConfiguration;
			buildSettings = {
				ALWAYS_SEARCH_USER_PATHS = NO;
				CLANG_ANALYZER_NONNULL = YES;
				CLANG_CXX_LANGUAGE_STANDARD = "gnu++0x";
				CLANG_CXX_LIBRARY = "libc++";
				CLANG_ENABLE_MODULES = YES;
				CLANG_ENABLE_OBJC_ARC = YES;
				CLANG_WARN_BOOL_CONVERSION = YES;
				CLANG_WARN_CONSTANT_CONVERSION = YES;
				CLANG_WARN_DIRECT_OBJC_ISA_USAGE = YES_ERROR;
				CLANG_WARN_DOCUMENTATION_COMMENTS = YES;
				CLANG_WARN_EMPTY_BODY = YES;
				CLANG_WARN_ENUM_CONVERSION = YES;
				CLANG_WARN_INFINITE_RECURSION = YES;
				CLANG_WARN_INT_CONVERSION = YES;
				CLANG_WARN_OBJC_ROOT_CLASS = YES_ERROR;
				CLANG_WARN_SUSPICIOUS_MOVES = YES;
				CLANG_WARN_UNREACHABLE_CODE = YES;
				CLANG_WARN__DUPLICATE_METHOD_MATCH = YES;
				"CODE_SIGN_IDENTITY[sdk=iphoneos*]" = "iPhone Developer";
				COPY_PHASE_STRIP = NO;
				DEBUG_INFORMATION_FORMAT = dwarf;
				ENABLE_STRICT_OBJC_MSGSEND = YES;
				ENABLE_TESTABILITY = YES;
				GCC_C_LANGUAGE_STANDARD = gnu99;
				GCC_DYNAMIC_NO_PIC = NO;
				GCC_NO_COMMON_BLOCKS = YES;
				GCC_OPTIMIZATION_LEVEL = 0;
				GCC_PREPROCESSOR_DEFINITIONS = (
					"DEBUG=1",
					"$(inherited)",
				);
				GCC_WARN_64_TO_32_BIT_CONVERSION = YES;
				GCC_WARN_ABOUT_RETURN_TYPE = YES_ERROR;
				GCC_WARN_UNDECLARED_SELECTOR = YES;
				GCC_WARN_UNINITIALIZED_AUTOS = YES_AGGRESSIVE;
				GCC_WARN_UNUSED_FUNCTION = YES;
				GCC_WARN_UNUSED_VARIABLE = YES;
				IPHONEOS_DEPLOYMENT_TARGET = 10.0;
				MTL_ENABLE_DEBUG_INFO = YES;
				ONLY_ACTIVE_ARCH = YES;
				SDKROOT = iphoneos;
				SWIFT_ACTIVE_COMPILATION_CONDITIONS = DEBUG;
				SWIFT_OPTIMIZATION_LEVEL = "-Onone";
				TARGETED_DEVICE_FAMILY = "1,2";
			};
			name = Debug;
		};
		95290FBA1DBE465C006FD086 /* Release */ = {
			isa = XCBuildConfiguration;
			buildSettings = {
				ALWAYS_SEARCH_USER_PATHS = NO;
				CLANG_ANALYZER_NONNULL = YES;
				CLANG_CXX_LANGUAGE_STANDARD = "gnu++0x";
				CLANG_CXX_LIBRARY = "libc++";
				CLANG_ENABLE_MODULES = YES;
				CLANG_ENABLE_OBJC_ARC = YES;
				CLANG_WARN_BOOL_CONVERSION = YES;
				CLANG_WARN_CONSTANT_CONVERSION = YES;
				CLANG_WARN_DIRECT_OBJC_ISA_USAGE = YES_ERROR;
				CLANG_WARN_DOCUMENTATION_COMMENTS = YES;
				CLANG_WARN_EMPTY_BODY = YES;
				CLANG_WARN_ENUM_CONVERSION = YES;
				CLANG_WARN_INFINITE_RECURSION = YES;
				CLANG_WARN_INT_CONVERSION = YES;
				CLANG_WARN_OBJC_ROOT_CLASS = YES_ERROR;
				CLANG_WARN_SUSPICIOUS_MOVES = YES;
				CLANG_WARN_UNREACHABLE_CODE = YES;
				CLANG_WARN__DUPLICATE_METHOD_MATCH = YES;
				"CODE_SIGN_IDENTITY[sdk=iphoneos*]" = "iPhone Developer";
				COPY_PHASE_STRIP = NO;
				DEBUG_INFORMATION_FORMAT = "dwarf-with-dsym";
				ENABLE_NS_ASSERTIONS = NO;
				ENABLE_STRICT_OBJC_MSGSEND = YES;
				GCC_C_LANGUAGE_STANDARD = gnu99;
				GCC_NO_COMMON_BLOCKS = YES;
				GCC_WARN_64_TO_32_BIT_CONVERSION = YES;
				GCC_WARN_ABOUT_RETURN_TYPE = YES_ERROR;
				GCC_WARN_UNDECLARED_SELECTOR = YES;
				GCC_WARN_UNINITIALIZED_AUTOS = YES_AGGRESSIVE;
				GCC_WARN_UNUSED_FUNCTION = YES;
				GCC_WARN_UNUSED_VARIABLE = YES;
				IPHONEOS_DEPLOYMENT_TARGET = 10.0;
				MTL_ENABLE_DEBUG_INFO = NO;
				SDKROOT = iphoneos;
				SWIFT_OPTIMIZATION_LEVEL = "-Owholemodule";
				TARGETED_DEVICE_FAMILY = "1,2";
				VALIDATE_PRODUCT = YES;
			};
			name = Release;
		};
		95290FBC1DBE465C006FD086 /* Debug */ = {
			isa = XCBuildConfiguration;
			buildSettings = {
				ASSETCATALOG_COMPILER_APPICON_NAME = AppIcon;
				INFOPLIST_FILE = MatchWear/Info.plist;
				LD_RUNPATH_SEARCH_PATHS = "$(inherited) @executable_path/Frameworks";
				PRODUCT_BUNDLE_IDENTIFIER = NuApps.MatchWear;
				PRODUCT_NAME = "$(TARGET_NAME)";
				SWIFT_VERSION = 3.0;
			};
			name = Debug;
		};
		95290FBD1DBE465C006FD086 /* Release */ = {
			isa = XCBuildConfiguration;
			buildSettings = {
				ASSETCATALOG_COMPILER_APPICON_NAME = AppIcon;
				INFOPLIST_FILE = MatchWear/Info.plist;
				LD_RUNPATH_SEARCH_PATHS = "$(inherited) @executable_path/Frameworks";
				PRODUCT_BUNDLE_IDENTIFIER = NuApps.MatchWear;
				PRODUCT_NAME = "$(TARGET_NAME)";
				SWIFT_VERSION = 3.0;
			};
			name = Release;
		};
		95290FBF1DBE465C006FD086 /* Debug */ = {
			isa = XCBuildConfiguration;
			buildSettings = {
				ALWAYS_EMBED_SWIFT_STANDARD_LIBRARIES = YES;
				BUNDLE_LOADER = "$(TEST_HOST)";
				INFOPLIST_FILE = MatchWearTests/Info.plist;
				LD_RUNPATH_SEARCH_PATHS = "$(inherited) @executable_path/Frameworks @loader_path/Frameworks";
				PRODUCT_BUNDLE_IDENTIFIER = NuApps.MatchWearTests;
				PRODUCT_NAME = "$(TARGET_NAME)";
				SWIFT_VERSION = 3.0;
				TEST_HOST = "$(BUILT_PRODUCTS_DIR)/MatchWear.app/MatchWear";
			};
			name = Debug;
		};
		95290FC01DBE465C006FD086 /* Release */ = {
			isa = XCBuildConfiguration;
			buildSettings = {
				ALWAYS_EMBED_SWIFT_STANDARD_LIBRARIES = YES;
				BUNDLE_LOADER = "$(TEST_HOST)";
				INFOPLIST_FILE = MatchWearTests/Info.plist;
				LD_RUNPATH_SEARCH_PATHS = "$(inherited) @executable_path/Frameworks @loader_path/Frameworks";
				PRODUCT_BUNDLE_IDENTIFIER = NuApps.MatchWearTests;
				PRODUCT_NAME = "$(TARGET_NAME)";
				SWIFT_VERSION = 3.0;
				TEST_HOST = "$(BUILT_PRODUCTS_DIR)/MatchWear.app/MatchWear";
			};
			name = Release;
		};
		95290FC21DBE465C006FD086 /* Debug */ = {
			isa = XCBuildConfiguration;
			buildSettings = {
				ALWAYS_EMBED_SWIFT_STANDARD_LIBRARIES = YES;
				INFOPLIST_FILE = MatchWearUITests/Info.plist;
				LD_RUNPATH_SEARCH_PATHS = "$(inherited) @executable_path/Frameworks @loader_path/Frameworks";
				PRODUCT_BUNDLE_IDENTIFIER = NuApps.MatchWearUITests;
				PRODUCT_NAME = "$(TARGET_NAME)";
				SWIFT_VERSION = 3.0;
				TEST_TARGET_NAME = MatchWear;
			};
			name = Debug;
		};
		95290FC31DBE465C006FD086 /* Release */ = {
			isa = XCBuildConfiguration;
			buildSettings = {
				ALWAYS_EMBED_SWIFT_STANDARD_LIBRARIES = YES;
				INFOPLIST_FILE = MatchWearUITests/Info.plist;
				LD_RUNPATH_SEARCH_PATHS = "$(inherited) @executable_path/Frameworks @loader_path/Frameworks";
				PRODUCT_BUNDLE_IDENTIFIER = NuApps.MatchWearUITests;
				PRODUCT_NAME = "$(TARGET_NAME)";
				SWIFT_VERSION = 3.0;
				TEST_TARGET_NAME = MatchWear;
			};
			name = Release;
		};
/* End XCBuildConfiguration section */

/* Begin XCConfigurationList section */
		95290F8E1DBE4659006FD086 /* Build configuration list for PBXProject "MatchWear" */ = {
			isa = XCConfigurationList;
			buildConfigurations = (
				95290FB91DBE465C006FD086 /* Debug */,
				95290FBA1DBE465C006FD086 /* Release */,
			);
			defaultConfigurationIsVisible = 0;
			defaultConfigurationName = Release;
		};
		95290FBB1DBE465C006FD086 /* Build configuration list for PBXNativeTarget "MatchWear" */ = {
			isa = XCConfigurationList;
			buildConfigurations = (
				95290FBC1DBE465C006FD086 /* Debug */,
				95290FBD1DBE465C006FD086 /* Release */,
			);
			defaultConfigurationIsVisible = 0;
		};
		95290FBE1DBE465C006FD086 /* Build configuration list for PBXNativeTarget "MatchWearTests" */ = {
			isa = XCConfigurationList;
			buildConfigurations = (
				95290FBF1DBE465C006FD086 /* Debug */,
				95290FC01DBE465C006FD086 /* Release */,
			);
			defaultConfigurationIsVisible = 0;
		};
		95290FC11DBE465C006FD086 /* Build configuration list for PBXNativeTarget "MatchWearUITests" */ = {
			isa = XCConfigurationList;
			buildConfigurations = (
				95290FC21DBE465C006FD086 /* Debug */,
				95290FC31DBE465C006FD086 /* Release */,
			);
			defaultConfigurationIsVisible = 0;
		};
/* End XCConfigurationList section */
	};
	rootObject = 95290F8B1DBE4659006FD086 /* Project object */;
}
